// !$*UTF8*$!
{
	archiveVersion = 1;
	classes = {
	};
	objectVersion = 50;
	objects = {

/* Begin PBXBuildFile section */
		5A2E3033251A496F00CC1051 /* SDL2_ttf.framework in Frameworks */ = {isa = PBXBuildFile; fileRef = 5A2E3032251A496F00CC1051 /* SDL2_ttf.framework */; };
		5A44EF26251B27A70067B677 /* SDL2_image.framework in Frameworks */ = {isa = PBXBuildFile; fileRef = 5A8E404D25163074006311AA /* SDL2_image.framework */; };
		5A77D88F251897810096A7A7 /* Node.cpp in Sources */ = {isa = PBXBuildFile; fileRef = 5A77D88D251897810096A7A7 /* Node.cpp */; };
		5A8E404225162E66006311AA /* main.cpp in Sources */ = {isa = PBXBuildFile; fileRef = 5A8E404125162E66006311AA /* main.cpp */; };
		5A8E40512516338C006311AA /* SDL2.framework in Frameworks */ = {isa = PBXBuildFile; fileRef = 5A8E404925162E8A006311AA /* SDL2.framework */; };
		5A8E40542516A350006311AA /* Game.cpp in Sources */ = {isa = PBXBuildFile; fileRef = 5A8E40522516A350006311AA /* Game.cpp */; };
		5A8E40582516A36D006311AA /* Controller.cpp in Sources */ = {isa = PBXBuildFile; fileRef = 5A8E40562516A36D006311AA /* Controller.cpp */; };
		5A8E405B2516A37B006311AA /* Renderer.cpp in Sources */ = {isa = PBXBuildFile; fileRef = 5A8E40592516A37B006311AA /* Renderer.cpp */; };
		5AEA61CA251B3319005A8573 /* BG_Color.jpg in CopyFiles */ = {isa = PBXBuildFile; fileRef = 5ABCB98C251B32680000856E /* BG_Color.jpg */; };
		5AEA61CD251B3CB8005A8573 /* BG_Height_Map.jpg in CopyFiles */ = {isa = PBXBuildFile; fileRef = 5AEA61CC251B3CB8005A8573 /* BG_Height_Map.jpg */; };
		5AEA61D2251B79C8005A8573 /* Varela regular.ttf in CopyFiles */ = {isa = PBXBuildFile; fileRef = 5AEA61D1251B7962005A8573 /* Varela regular.ttf */; };
/* End PBXBuildFile section */

/* Begin PBXCopyFilesBuildPhase section */
		5A8E403C25162E66006311AA /* CopyFiles */ = {
			isa = PBXCopyFilesBuildPhase;
			buildActionMask = 12;
			dstPath = Assets;
			dstSubfolderSpec = 16;
			files = (
				5AEA61D2251B79C8005A8573 /* Varela regular.ttf in CopyFiles */,
				5AEA61CD251B3CB8005A8573 /* BG_Height_Map.jpg in CopyFiles */,
				5AEA61CA251B3319005A8573 /* BG_Color.jpg in CopyFiles */,
			);
			runOnlyForDeploymentPostprocessing = 0;
		};
/* End PBXCopyFilesBuildPhase section */

/* Begin PBXFileReference section */
		5A2E3032251A496F00CC1051 /* SDL2_ttf.framework */ = {isa = PBXFileReference; lastKnownFileType = wrapper.framework; name = SDL2_ttf.framework; path = ../../../../../Library/Frameworks/SDL2_ttf.framework; sourceTree = "<group>"; };
		5A77D88D251897810096A7A7 /* Node.cpp */ = {isa = PBXFileReference; lastKnownFileType = sourcecode.cpp.cpp; path = Node.cpp; sourceTree = "<group>"; };
		5A77D88E251897810096A7A7 /* Node.hpp */ = {isa = PBXFileReference; lastKnownFileType = sourcecode.cpp.h; path = Node.hpp; sourceTree = "<group>"; };
		5A8E403E25162E66006311AA /* PanicStation */ = {isa = PBXFileReference; explicitFileType = "compiled.mach-o.executable"; includeInIndex = 0; path = PanicStation; sourceTree = BUILT_PRODUCTS_DIR; };
		5A8E404125162E66006311AA /* main.cpp */ = {isa = PBXFileReference; lastKnownFileType = sourcecode.cpp.cpp; path = main.cpp; sourceTree = "<group>"; };
		5A8E404925162E8A006311AA /* SDL2.framework */ = {isa = PBXFileReference; lastKnownFileType = wrapper.framework; name = SDL2.framework; path = ../../../../../Library/Frameworks/SDL2.framework; sourceTree = "<group>"; };
		5A8E404D25163074006311AA /* SDL2_image.framework */ = {isa = PBXFileReference; lastKnownFileType = wrapper.framework; name = SDL2_image.framework; path = ../../../../../Library/Frameworks/SDL2_image.framework; sourceTree = "<group>"; };
		5A8E4050251632EE006311AA /* PanicStation.entitlements */ = {isa = PBXFileReference; lastKnownFileType = text.plist.entitlements; path = PanicStation.entitlements; sourceTree = "<group>"; };
		5A8E40522516A350006311AA /* Game.cpp */ = {isa = PBXFileReference; lastKnownFileType = sourcecode.cpp.cpp; path = Game.cpp; sourceTree = "<group>"; };
		5A8E40532516A350006311AA /* Game.hpp */ = {isa = PBXFileReference; lastKnownFileType = sourcecode.cpp.h; path = Game.hpp; sourceTree = "<group>"; };
		5A8E40562516A36D006311AA /* Controller.cpp */ = {isa = PBXFileReference; lastKnownFileType = sourcecode.cpp.cpp; path = Controller.cpp; sourceTree = "<group>"; };
		5A8E40572516A36D006311AA /* Controller.hpp */ = {isa = PBXFileReference; lastKnownFileType = sourcecode.cpp.h; path = Controller.hpp; sourceTree = "<group>"; };
		5A8E40592516A37B006311AA /* Renderer.cpp */ = {isa = PBXFileReference; lastKnownFileType = sourcecode.cpp.cpp; path = Renderer.cpp; sourceTree = "<group>"; };
		5A8E405A2516A37B006311AA /* Renderer.hpp */ = {isa = PBXFileReference; lastKnownFileType = sourcecode.cpp.h; path = Renderer.hpp; sourceTree = "<group>"; };
		5ABCB98C251B32680000856E /* BG_Color.jpg */ = {isa = PBXFileReference; lastKnownFileType = image.jpeg; path = BG_Color.jpg; sourceTree = "<group>"; };
		5AEA61CC251B3CB8005A8573 /* BG_Height_Map.jpg */ = {isa = PBXFileReference; lastKnownFileType = image.jpeg; path = BG_Height_Map.jpg; sourceTree = "<group>"; };
		5AEA61D1251B7962005A8573 /* Varela regular.ttf */ = {isa = PBXFileReference; lastKnownFileType = file; path = "Varela regular.ttf"; sourceTree = "<group>"; };
		5AEA61D3251B9252005A8573 /* CmakeLists.txt */ = {isa = PBXFileReference; lastKnownFileType = text; path = CmakeLists.txt; sourceTree = "<group>"; };
/* End PBXFileReference section */

/* Begin PBXFrameworksBuildPhase section */
		5A8E403B25162E66006311AA /* Frameworks */ = {
			isa = PBXFrameworksBuildPhase;
			buildActionMask = 2147483647;
			files = (
				5A44EF26251B27A70067B677 /* SDL2_image.framework in Frameworks */,
				5A2E3033251A496F00CC1051 /* SDL2_ttf.framework in Frameworks */,
				5A8E40512516338C006311AA /* SDL2.framework in Frameworks */,
			);
			runOnlyForDeploymentPostprocessing = 0;
		};
/* End PBXFrameworksBuildPhase section */

/* Begin PBXGroup section */
		5A44EF25251B26B00067B677 /* Assets */ = {
			isa = PBXGroup;
			children = (
				5AEA61D1251B7962005A8573 /* Varela regular.ttf */,
				5ABCB98C251B32680000856E /* BG_Color.jpg */,
				5AEA61CC251B3CB8005A8573 /* BG_Height_Map.jpg */,
			);
			path = Assets;
			sourceTree = "<group>";
		};
		5A77D890251897850096A7A7 /* GameObjects */ = {
			isa = PBXGroup;
			children = (
				5A77D88D251897810096A7A7 /* Node.cpp */,
				5A77D88E251897810096A7A7 /* Node.hpp */,
			);
			path = GameObjects;
			sourceTree = "<group>";
		};
		5A8E403525162E66006311AA = {
			isa = PBXGroup;
			children = (
				5A8E404025162E66006311AA /* PanicStation */,
				5A8E403F25162E66006311AA /* Products */,
				5A8E404825162E8A006311AA /* Frameworks */,
			);
			sourceTree = "<group>";
		};
		5A8E403F25162E66006311AA /* Products */ = {
			isa = PBXGroup;
			children = (
				5A8E403E25162E66006311AA /* PanicStation */,
			);
			name = Products;
			sourceTree = "<group>";
		};
		5A8E404025162E66006311AA /* PanicStation */ = {
			isa = PBXGroup;
			children = (
				5A44EF25251B26B00067B677 /* Assets */,
				5A8E405D2516A38A006311AA /* Renderer */,
				5A8E405E2516A392006311AA /* Controller */,
				5A8E4050251632EE006311AA /* PanicStation.entitlements */,
				5A8E404125162E66006311AA /* main.cpp */,
				5A8E405F2516A928006311AA /* Game */,
				5A77D890251897850096A7A7 /* GameObjects */,
				5AEA61D3251B9252005A8573 /* CmakeLists.txt */,
			);
			path = PanicStation;
			sourceTree = "<group>";
		};
		5A8E404825162E8A006311AA /* Frameworks */ = {
			isa = PBXGroup;
			children = (
				5A2E3032251A496F00CC1051 /* SDL2_ttf.framework */,
				5A8E404D25163074006311AA /* SDL2_image.framework */,
				5A8E404925162E8A006311AA /* SDL2.framework */,
			);
			name = Frameworks;
			sourceTree = "<group>";
		};
		5A8E405D2516A38A006311AA /* Renderer */ = {
			isa = PBXGroup;
			children = (
				5A8E40592516A37B006311AA /* Renderer.cpp */,
				5A8E405A2516A37B006311AA /* Renderer.hpp */,
			);
			path = Renderer;
			sourceTree = "<group>";
		};
		5A8E405E2516A392006311AA /* Controller */ = {
			isa = PBXGroup;
			children = (
				5A8E40562516A36D006311AA /* Controller.cpp */,
				5A8E40572516A36D006311AA /* Controller.hpp */,
			);
			path = Controller;
			sourceTree = "<group>";
		};
		5A8E405F2516A928006311AA /* Game */ = {
			isa = PBXGroup;
			children = (
				5A8E40522516A350006311AA /* Game.cpp */,
				5A8E40532516A350006311AA /* Game.hpp */,
			);
			path = Game;
			sourceTree = "<group>";
		};
/* End PBXGroup section */

/* Begin PBXNativeTarget section */
		5A8E403D25162E66006311AA /* PanicStation */ = {
			isa = PBXNativeTarget;
			buildConfigurationList = 5A8E404525162E66006311AA /* Build configuration list for PBXNativeTarget "PanicStation" */;
			buildPhases = (
				5A8E403A25162E66006311AA /* Sources */,
				5A8E403B25162E66006311AA /* Frameworks */,
				5A8E403C25162E66006311AA /* CopyFiles */,
			);
			buildRules = (
			);
			dependencies = (
			);
			name = PanicStation;
			productName = PanicStation;
			productReference = 5A8E403E25162E66006311AA /* PanicStation */;
			productType = "com.apple.product-type.tool";
		};
/* End PBXNativeTarget section */

/* Begin PBXProject section */
		5A8E403625162E66006311AA /* Project object */ = {
			isa = PBXProject;
			attributes = {
				LastUpgradeCheck = 1140;
				ORGANIZATIONNAME = "Bas Peter Dijkema";
				TargetAttributes = {
					5A8E403D25162E66006311AA = {
						CreatedOnToolsVersion = 11.4;
					};
				};
			};
			buildConfigurationList = 5A8E403925162E66006311AA /* Build configuration list for PBXProject "PanicStation" */;
			compatibilityVersion = "Xcode 9.3";
			developmentRegion = en;
			hasScannedForEncodings = 0;
			knownRegions = (
				en,
				Base,
			);
			mainGroup = 5A8E403525162E66006311AA;
			productRefGroup = 5A8E403F25162E66006311AA /* Products */;
			projectDirPath = "";
			projectRoot = "";
			targets = (
				5A8E403D25162E66006311AA /* PanicStation */,
			);
		};
/* End PBXProject section */

/* Begin PBXSourcesBuildPhase section */
		5A8E403A25162E66006311AA /* Sources */ = {
			isa = PBXSourcesBuildPhase;
			buildActionMask = 2147483647;
			files = (
				5A8E405B2516A37B006311AA /* Renderer.cpp in Sources */,
				5A8E404225162E66006311AA /* main.cpp in Sources */,
				5A8E40582516A36D006311AA /* Controller.cpp in Sources */,
				5A8E40542516A350006311AA /* Game.cpp in Sources */,
				5A77D88F251897810096A7A7 /* Node.cpp in Sources */,
			);
			runOnlyForDeploymentPostprocessing = 0;
		};
/* End PBXSourcesBuildPhase section */

/* Begin XCBuildConfiguration section */
		5A8E404325162E66006311AA /* Debug */ = {
			isa = XCBuildConfiguration;
			buildSettings = {
				ALWAYS_SEARCH_USER_PATHS = NO;
				CLANG_ANALYZER_NONNULL = YES;
				CLANG_ANALYZER_NUMBER_OBJECT_CONVERSION = YES_AGGRESSIVE;
				CLANG_CXX_LANGUAGE_STANDARD = "gnu++14";
				CLANG_CXX_LIBRARY = "libc++";
				CLANG_ENABLE_MODULES = YES;
				CLANG_ENABLE_OBJC_ARC = YES;
				CLANG_ENABLE_OBJC_WEAK = YES;
				CLANG_WARN_BLOCK_CAPTURE_AUTORELEASING = YES;
				CLANG_WARN_BOOL_CONVERSION = YES;
				CLANG_WARN_COMMA = YES;
				CLANG_WARN_CONSTANT_CONVERSION = YES;
				CLANG_WARN_DEPRECATED_OBJC_IMPLEMENTATIONS = YES;
				CLANG_WARN_DIRECT_OBJC_ISA_USAGE = YES_ERROR;
				CLANG_WARN_DOCUMENTATION_COMMENTS = YES;
				CLANG_WARN_EMPTY_BODY = YES;
				CLANG_WARN_ENUM_CONVERSION = YES;
				CLANG_WARN_INFINITE_RECURSION = YES;
				CLANG_WARN_INT_CONVERSION = YES;
				CLANG_WARN_NON_LITERAL_NULL_CONVERSION = YES;
				CLANG_WARN_OBJC_IMPLICIT_RETAIN_SELF = YES;
				CLANG_WARN_OBJC_LITERAL_CONVERSION = YES;
				CLANG_WARN_OBJC_ROOT_CLASS = YES_ERROR;
				CLANG_WARN_RANGE_LOOP_ANALYSIS = YES;
				CLANG_WARN_STRICT_PROTOTYPES = YES;
				CLANG_WARN_SUSPICIOUS_MOVE = YES;
				CLANG_WARN_UNGUARDED_AVAILABILITY = YES_AGGRESSIVE;
				CLANG_WARN_UNREACHABLE_CODE = YES;
				CLANG_WARN__DUPLICATE_METHOD_MATCH = YES;
				COPY_PHASE_STRIP = NO;
				DEBUG_INFORMATION_FORMAT = dwarf;
				ENABLE_STRICT_OBJC_MSGSEND = YES;
				ENABLE_TESTABILITY = YES;
				GCC_C_LANGUAGE_STANDARD = gnu11;
				GCC_DYNAMIC_NO_PIC = NO;
				GCC_NO_COMMON_BLOCKS = YES;
				GCC_OPTIMIZATION_LEVEL = 0;
				GCC_PREPROCESSOR_DEFINITIONS = (
					"DEBUG=1",
					"$(inherited)",
				);
				GCC_WARN_64_TO_32_BIT_CONVERSION = YES;
				GCC_WARN_ABOUT_RETURN_TYPE = YES_ERROR;
				GCC_WARN_UNDECLARED_SELECTOR = YES;
				GCC_WARN_UNINITIALIZED_AUTOS = YES_AGGRESSIVE;
				GCC_WARN_UNUSED_FUNCTION = YES;
				GCC_WARN_UNUSED_VARIABLE = YES;
				MACOSX_DEPLOYMENT_TARGET = 10.15;
				MTL_ENABLE_DEBUG_INFO = INCLUDE_SOURCE;
				MTL_FAST_MATH = YES;
				ONLY_ACTIVE_ARCH = YES;
				SDKROOT = macosx;
			};
			name = Debug;
		};
		5A8E404425162E66006311AA /* Release */ = {
			isa = XCBuildConfiguration;
			buildSettings = {
				ALWAYS_SEARCH_USER_PATHS = NO;
				CLANG_ANALYZER_NONNULL = YES;
				CLANG_ANALYZER_NUMBER_OBJECT_CONVERSION = YES_AGGRESSIVE;
				CLANG_CXX_LANGUAGE_STANDARD = "gnu++14";
				CLANG_CXX_LIBRARY = "libc++";
				CLANG_ENABLE_MODULES = YES;
				CLANG_ENABLE_OBJC_ARC = YES;
				CLANG_ENABLE_OBJC_WEAK = YES;
				CLANG_WARN_BLOCK_CAPTURE_AUTORELEASING = YES;
				CLANG_WARN_BOOL_CONVERSION = YES;
				CLANG_WARN_COMMA = YES;
				CLANG_WARN_CONSTANT_CONVERSION = YES;
				CLANG_WARN_DEPRECATED_OBJC_IMPLEMENTATIONS = YES;
				CLANG_WARN_DIRECT_OBJC_ISA_USAGE = YES_ERROR;
				CLANG_WARN_DOCUMENTATION_COMMENTS = YES;
				CLANG_WARN_EMPTY_BODY = YES;
				CLANG_WARN_ENUM_CONVERSION = YES;
				CLANG_WARN_INFINITE_RECURSION = YES;
				CLANG_WARN_INT_CONVERSION = YES;
				CLANG_WARN_NON_LITERAL_NULL_CONVERSION = YES;
				CLANG_WARN_OBJC_IMPLICIT_RETAIN_SELF = YES;
				CLANG_WARN_OBJC_LITERAL_CONVERSION = YES;
				CLANG_WARN_OBJC_ROOT_CLASS = YES_ERROR;
				CLANG_WARN_RANGE_LOOP_ANALYSIS = YES;
				CLANG_WARN_STRICT_PROTOTYPES = YES;
				CLANG_WARN_SUSPICIOUS_MOVE = YES;
				CLANG_WARN_UNGUARDED_AVAILABILITY = YES_AGGRESSIVE;
				CLANG_WARN_UNREACHABLE_CODE = YES;
				CLANG_WARN__DUPLICATE_METHOD_MATCH = YES;
				COPY_PHASE_STRIP = NO;
				DEBUG_INFORMATION_FORMAT = "dwarf-with-dsym";
				ENABLE_NS_ASSERTIONS = NO;
				ENABLE_STRICT_OBJC_MSGSEND = YES;
				GCC_C_LANGUAGE_STANDARD = gnu11;
				GCC_NO_COMMON_BLOCKS = YES;
				GCC_WARN_64_TO_32_BIT_CONVERSION = YES;
				GCC_WARN_ABOUT_RETURN_TYPE = YES_ERROR;
				GCC_WARN_UNDECLARED_SELECTOR = YES;
				GCC_WARN_UNINITIALIZED_AUTOS = YES_AGGRESSIVE;
				GCC_WARN_UNUSED_FUNCTION = YES;
				GCC_WARN_UNUSED_VARIABLE = YES;
				MACOSX_DEPLOYMENT_TARGET = 10.15;
				MTL_ENABLE_DEBUG_INFO = NO;
				MTL_FAST_MATH = YES;
				SDKROOT = macosx;
			};
			name = Release;
		};
		5A8E404625162E66006311AA /* Debug */ = {
			isa = XCBuildConfiguration;
			buildSettings = {
				CODE_SIGN_ENTITLEMENTS = PanicStation/PanicStation.entitlements;
				CODE_SIGN_STYLE = Automatic;
				DEVELOPMENT_ASSET_PATHS = "";
				DEVELOPMENT_TEAM = D9LBA4DP8X;
				ENABLE_HARDENED_RUNTIME = YES;
				FRAMEWORK_SEARCH_PATHS = "$(LOCAL_LIBRARY_DIR)/Frameworks";
				HEADER_SEARCH_PATHS = "";
				OTHER_CODE_SIGN_FLAGS = "--deep";
				PRODUCT_NAME = "$(TARGET_NAME)";
			};
			name = Debug;
		};
		5A8E404725162E66006311AA /* Release */ = {
			isa = XCBuildConfiguration;
			buildSettings = {
				CODE_SIGN_ENTITLEMENTS = PanicStation/PanicStation.entitlements;
				CODE_SIGN_STYLE = Automatic;
				DEVELOPMENT_ASSET_PATHS = "";
				DEVELOPMENT_TEAM = D9LBA4DP8X;
				ENABLE_HARDENED_RUNTIME = YES;
				FRAMEWORK_SEARCH_PATHS = "$(LOCAL_LIBRARY_DIR)/Frameworks";
				HEADER_SEARCH_PATHS = "";
				OTHER_CODE_SIGN_FLAGS = "--deep";
				PRODUCT_NAME = "$(TARGET_NAME)";
			};
			name = Release;
		};
/* End XCBuildConfiguration section */

/* Begin XCConfigurationList section */
		5A8E403925162E66006311AA /* Build configuration list for PBXProject "PanicStation" */ = {
			isa = XCConfigurationList;
			buildConfigurations = (
				5A8E404325162E66006311AA /* Debug */,
				5A8E404425162E66006311AA /* Release */,
			);
			defaultConfigurationIsVisible = 0;
			defaultConfigurationName = Release;
		};
		5A8E404525162E66006311AA /* Build configuration list for PBXNativeTarget "PanicStation" */ = {
			isa = XCConfigurationList;
			buildConfigurations = (
				5A8E404625162E66006311AA /* Debug */,
				5A8E404725162E66006311AA /* Release */,
			);
			defaultConfigurationIsVisible = 0;
			defaultConfigurationName = Release;
		};
/* End XCConfigurationList section */
	};
	rootObject = 5A8E403625162E66006311AA /* Project object */;
}
